
Microsoft Visual Studio Solution File, Format Version 12.00
# Visual Studio Version 16
VisualStudioVersion = 16.0.30907.101
MinimumVisualStudioVersion = 10.0.40219.1
Project("{FAE04EC0-301F-11D3-BF4B-00C04F79EFBC}") = "calc.Android", "calc\calc.Android\calc.Android.csproj", "{B0CFCB25-2713-4957-9AF0-6038755682F4}"
EndProject
Project("{FAE04EC0-301F-11D3-BF4B-00C04F79EFBC}") = "calc", "calc\calc\calc.csproj", "{F51371CF-BE71-4195-B2A0-8668673E3B0F}"
EndProject
Global
	GlobalSection(SolutionConfigurationPlatforms) = preSolution
		Debug|Any CPU = Debug|Any CPU
		Debug|ARM = Debug|ARM
		Debug|iPhone = Debug|iPhone
		Debug|iPhoneSimulator = Debug|iPhoneSimulator
		Debug|x64 = Debug|x64
		Debug|x86 = Debug|x86
		Release|Any CPU = Release|Any CPU
		Release|ARM = Release|ARM
		Release|iPhone = Release|iPhone
		Release|iPhoneSimulator = Release|iPhoneSimulator
		Release|x64 = Release|x64
		Release|x86 = Release|x86
	EndGlobalSection
	GlobalSection(ProjectConfigurationPlatforms) = postSolution
		{B0CFCB25-2713-4957-9AF0-6038755682F4}.Debug|Any CPU.ActiveCfg = Debug|Any CPU
		{B0CFCB25-2713-4957-9AF0-6038755682F4}.Debug|Any CPU.Build.0 = Debug|Any CPU
		{B0CFCB25-2713-4957-9AF0-6038755682F4}.Debug|Any CPU.Deploy.0 = Debug|Any CPU
		{B0CFCB25-2713-4957-9AF0-6038755682F4}.Debug|ARM.ActiveCfg = Debug|Any CPU
		{B0CFCB25-2713-4957-9AF0-6038755682F4}.Debug|ARM.Build.0 = Debug|Any CPU
		{B0CFCB25-2713-4957-9AF0-6038755682F4}.Debug|ARM.Deploy.0 = Debug|Any CPU
		{B0CFCB25-2713-4957-9AF0-6038755682F4}.Debug|iPhone.ActiveCfg = Debug|Any CPU
		{B0CFCB25-2713-4957-9AF0-6038755682F4}.Debug|iPhone.Build.0 = Debug|Any CPU
		{B0CFCB25-2713-4957-9AF0-6038755682F4}.Debug|iPhone.Deploy.0 = Debug|Any CPU
		{B0CFCB25-2713-4957-9AF0-6038755682F4}.Debug|iPhoneSimulator.ActiveCfg = Debug|Any CPU
		{B0CFCB25-2713-4957-9AF0-6038755682F4}.Debug|iPhoneSimulator.Build.0 = Debug|Any CPU
		{B0CFCB25-2713-4957-9AF0-6038755682F4}.Debug|iPhoneSimulator.Deploy.0 = Debug|Any CPU
		{B0CFCB25-2713-4957-9AF0-6038755682F4}.Debug|x64.ActiveCfg = Debug|Any CPU
		{B0CFCB25-2713-4957-9AF0-6038755682F4}.Debug|x64.Build.0 = Debug|Any CPU
		{B0CFCB25-2713-4957-9AF0-6038755682F4}.Debug|x64.Deploy.0 = Debug|Any CPU
		{B0CFCB25-2713-4957-9AF0-6038755682F4}.Debug|x86.ActiveCfg = Debug|Any CPU
		{B0CFCB25-2713-4957-9AF0-6038755682F4}.Debug|x86.Build.0 = Debug|Any CPU
		{B0CFCB25-2713-4957-9AF0-6038755682F4}.Debug|x86.Deploy.0 = Debug|Any CPU
		{B0CFCB25-2713-4957-9AF0-6038755682F4}.Release|Any CPU.ActiveCfg = Release|Any CPU
		{B0CFCB25-2713-4957-9AF0-6038755682F4}.Release|Any CPU.Build.0 = Release|Any CPU
		{B0CFCB25-2713-4957-9AF0-6038755682F4}.Release|Any CPU.Deploy.0 = Release|Any CPU
		{B0CFCB25-2713-4957-9AF0-6038755682F4}.Release|ARM.ActiveCfg = Release|Any CPU
		{B0CFCB25-2713-4957-9AF0-6038755682F4}.Release|ARM.Build.0 = Release|Any CPU
		{B0CFCB25-2713-4957-9AF0-6038755682F4}.Release|ARM.Deploy.0 = Release|Any CPU
		{B0CFCB25-2713-4957-9AF0-6038755682F4}.Release|iPhone.ActiveCfg = Release|Any CPU
		{B0CFCB25-2713-4957-9AF0-6038755682F4}.Release|iPhone.Build.0 = Release|Any CPU
		{B0CFCB25-2713-4957-9AF0-6038755682F4}.Release|iPhone.Deploy.0 = Release|Any CPU
		{B0CFCB25-2713-4957-9AF0-6038755682F4}.Release|iPhoneSimulator.ActiveCfg = Release|Any CPU
		{B0CFCB25-2713-4957-9AF0-6038755682F4}.Release|iPhoneSimulator.Build.0 = Release|Any CPU
		{B0CFCB25-2713-4957-9AF0-6038755682F4}.Release|iPhoneSimulator.Deploy.0 = Release|Any CPU
		{B0CFCB25-2713-4957-9AF0-6038755682F4}.Release|x64.ActiveCfg = Release|Any CPU
		{B0CFCB25-2713-4957-9AF0-6038755682F4}.Release|x64.Build.0 = Release|Any CPU
		{B0CFCB25-2713-4957-9AF0-6038755682F4}.Release|x64.Deploy.0 = Release|Any CPU
		{B0CFCB25-2713-4957-9AF0-6038755682F4}.Release|x86.ActiveCfg = Release|Any CPU
		{B0CFCB25-2713-4957-9AF0-6038755682F4}.Release|x86.Build.0 = Release|Any CPU
		{B0CFCB25-2713-4957-9AF0-6038755682F4}.Release|x86.Deploy.0 = Release|Any CPU
		{F51371CF-BE71-4195-B2A0-8668673E3B0F}.Debug|Any CPU.ActiveCfg = Debug|Any CPU
		{F51371CF-BE71-4195-B2A0-8668673E3B0F}.Debug|Any CPU.Build.0 = Debug|Any CPU
		{F51371CF-BE71-4195-B2A0-8668673E3B0F}.Debug|Any CPU.Deploy.0 = Debug|Any CPU
		{F51371CF-BE71-4195-B2A0-8668673E3B0F}.Debug|ARM.ActiveCfg = Debug|Any CPU
		{F51371CF-BE71-4195-B2A0-8668673E3B0F}.Debug|ARM.Build.0 = Debug|Any CPU
		{F51371CF-BE71-4195-B2A0-8668673E3B0F}.Debug|ARM.Deploy.0 = Debug|Any CPU
		{F51371CF-BE71-4195-B2A0-8668673E3B0F}.Debug|iPhone.ActiveCfg = Debug|Any CPU
		{F51371CF-BE71-4195-B2A0-8668673E3B0F}.Debug|iPhone.Build.0 = Debug|Any CPU
		{F51371CF-BE71-4195-B2A0-8668673E3B0F}.Debug|iPhone.Deploy.0 = Debug|Any CPU
		{F51371CF-BE71-4195-B2A0-8668673E3B0F}.Debug|iPhoneSimulator.ActiveCfg = Debug|Any CPU
		{F51371CF-BE71-4195-B2A0-8668673E3B0F}.Debug|iPhoneSimulator.Build.0 = Debug|Any CPU
		{F51371CF-BE71-4195-B2A0-8668673E3B0F}.Debug|iPhoneSimulator.Deploy.0 = Debug|Any CPU
		{F51371CF-BE71-4195-B2A0-8668673E3B0F}.Debug|x64.ActiveCfg = Debug|Any CPU
		{F51371CF-BE71-4195-B2A0-8668673E3B0F}.Debug|x64.Build.0 = Debug|Any CPU
		{F51371CF-BE71-4195-B2A0-8668673E3B0F}.Debug|x64.Deploy.0 = Debug|Any CPU
		{F51371CF-BE71-4195-B2A0-8668673E3B0F}.Debug|x86.ActiveCfg = Debug|Any CPU
		{F51371CF-BE71-4195-B2A0-8668673E3B0F}.Debug|x86.Build.0 = Debug|Any CPU
		{F51371CF-BE71-4195-B2A0-8668673E3B0F}.Debug|x86.Deploy.0 = Debug|Any CPU
		{F51371CF-BE71-4195-B2A0-8668673E3B0F}.Release|Any CPU.ActiveCfg = Release|Any CPU
		{F51371CF-BE71-4195-B2A0-8668673E3B0F}.Release|Any CPU.Build.0 = Release|Any CPU
		{F51371CF-BE71-4195-B2A0-8668673E3B0F}.Release|Any CPU.Deploy.0 = Release|Any CPU
		{F51371CF-BE71-4195-B2A0-8668673E3B0F}.Release|ARM.ActiveCfg = Release|Any CPU
		{F51371CF-BE71-4195-B2A0-8668673E3B0F}.Release|ARM.Build.0 = Release|Any CPU
		{F51371CF-BE71-4195-B2A0-8668673E3B0F}.Release|ARM.Deploy.0 = Release|Any CPU
		{F51371CF-BE71-4195-B2A0-8668673E3B0F}.Release|iPhone.ActiveCfg = Release|Any CPU
		{F51371CF-BE71-4195-B2A0-8668673E3B0F}.Release|iPhone.Build.0 = Release|Any CPU
		{F51371CF-BE71-4195-B2A0-8668673E3B0F}.Release|iPhone.Deploy.0 = Release|Any CPU
		{F51371CF-BE71-4195-B2A0-8668673E3B0F}.Release|iPhoneSimulator.ActiveCfg = Release|Any CPU
		{F51371CF-BE71-4195-B2A0-8668673E3B0F}.Release|iPhoneSimulator.Build.0 = Release|Any CPU
		{F51371CF-BE71-4195-B2A0-8668673E3B0F}.Release|iPhoneSimulator.Deploy.0 = Release|Any CPU
		{F51371CF-BE71-4195-B2A0-8668673E3B0F}.Release|x64.ActiveCfg = Release|Any CPU
		{F51371CF-BE71-4195-B2A0-8668673E3B0F}.Release|x64.Build.0 = Release|Any CPU
		{F51371CF-BE71-4195-B2A0-8668673E3B0F}.Release|x64.Deploy.0 = Release|Any CPU
		{F51371CF-BE71-4195-B2A0-8668673E3B0F}.Release|x86.ActiveCfg = Release|Any CPU
		{F51371CF-BE71-4195-B2A0-8668673E3B0F}.Release|x86.Build.0 = Release|Any CPU
		{F51371CF-BE71-4195-B2A0-8668673E3B0F}.Release|x86.Deploy.0 = Release|Any CPU
	EndGlobalSection
	GlobalSection(SolutionProperties) = preSolution
		HideSolutionNode = FALSE
	EndGlobalSection
	GlobalSection(ExtensibilityGlobals) = postSolution
		SolutionGuid = {F4B5FF0F-50A9-4697-883B-6F47B15C923D}
	EndGlobalSection
EndGlobal
